
Microsoft Visual Studio Solution File, Format Version 12.00
# Visual Studio Version 16
VisualStudioVersion = 16.0.31613.86
MinimumVisualStudioVersion = 10.0.40219.1
Project("{9A19103F-16F7-4668-BE54-9A1E7A4F7556}") = "MyHealth.API.Exercise", "MyHealth.API.Exercise\MyHealth.API.Exercise.csproj", "{5AB87787-0861-454B-B5F7-7DC6AF9D9850}"
EndProject
Project("{9A19103F-16F7-4668-BE54-9A1E7A4F7556}") = "MyHealth.API.Exercise.UnitTests", "MyHealth.API.Exercise.UnitTests\MyHealth.API.Exercise.UnitTests.csproj", "{6DC34432-7DB9-45FA-945D-F8A790C3120D}"
EndProject
Global
	GlobalSection(SolutionConfigurationPlatforms) = preSolution
		Debug|Any CPU = Debug|Any CPU
		Release|Any CPU = Release|Any CPU
	EndGlobalSection
	GlobalSection(ProjectConfigurationPlatforms) = postSolution
		{5AB87787-0861-454B-B5F7-7DC6AF9D9850}.Debug|Any CPU.ActiveCfg = Debug|Any CPU
		{5AB87787-0861-454B-B5F7-7DC6AF9D9850}.Debug|Any CPU.Build.0 = Debug|Any CPU
		{5AB87787-0861-454B-B5F7-7DC6AF9D9850}.Release|Any CPU.ActiveCfg = Release|Any CPU
		{5AB87787-0861-454B-B5F7-7DC6AF9D9850}.Release|Any CPU.Build.0 = Release|Any CPU
		{6DC34432-7DB9-45FA-945D-F8A790C3120D}.Debug|Any CPU.ActiveCfg = Debug|Any CPU
		{6DC34432-7DB9-45FA-945D-F8A790C3120D}.Debug|Any CPU.Build.0 = Debug|Any CPU
		{6DC34432-7DB9-45FA-945D-F8A790C3120D}.Release|Any CPU.ActiveCfg = Release|Any CPU
		{6DC34432-7DB9-45FA-945D-F8A790C3120D}.Release|Any CPU.Build.0 = Release|Any CPU
	EndGlobalSection
	GlobalSection(SolutionProperties) = preSolution
		HideSolutionNode = FALSE
	EndGlobalSection
	GlobalSection(ExtensibilityGlobals) = postSolution
		SolutionGuid = {4AC41769-9B39-427D-B746-D20DEDB86FFF}
	EndGlobalSection
EndGlobal
